// !$*UTF8*$!
{
	archiveVersion = 1;
	classes = {
	};
	objectVersion = 48;
	objects = {

/* Begin PBXBuildFile section */
		54ABA0832005E10600FCC1F8 /* AppDelegate.swift in Sources */ = {isa = PBXBuildFile; fileRef = 54ABA0822005E10600FCC1F8 /* AppDelegate.swift */; };
		54ABA0852005E10600FCC1F8 /* ViewController.swift in Sources */ = {isa = PBXBuildFile; fileRef = 54ABA0842005E10600FCC1F8 /* ViewController.swift */; };
		54ABA0872005E10600FCC1F8 /* Assets.xcassets in Resources */ = {isa = PBXBuildFile; fileRef = 54ABA0862005E10600FCC1F8 /* Assets.xcassets */; };
		54ABA08A2005E10600FCC1F8 /* Main.storyboard in Resources */ = {isa = PBXBuildFile; fileRef = 54ABA0882005E10600FCC1F8 /* Main.storyboard */; };
		54ABA0962005E10600FCC1F8 /* GistTests.swift in Sources */ = {isa = PBXBuildFile; fileRef = 54ABA0952005E10600FCC1F8 /* GistTests.swift */; };
		54ABA0A12005E10600FCC1F8 /* GistUITests.swift in Sources */ = {isa = PBXBuildFile; fileRef = 54ABA0A02005E10600FCC1F8 /* GistUITests.swift */; };
/* End PBXBuildFile section */

/* Begin PBXContainerItemProxy section */
		54ABA0922005E10600FCC1F8 /* PBXContainerItemProxy */ = {
			isa = PBXContainerItemProxy;
			containerPortal = 54ABA0772005E10600FCC1F8 /* Project object */;
			proxyType = 1;
			remoteGlobalIDString = 54ABA07E2005E10600FCC1F8;
			remoteInfo = Gist;
		};
		54ABA09D2005E10600FCC1F8 /* PBXContainerItemProxy */ = {
			isa = PBXContainerItemProxy;
			containerPortal = 54ABA0772005E10600FCC1F8 /* Project object */;
			proxyType = 1;
			remoteGlobalIDString = 54ABA07E2005E10600FCC1F8;
			remoteInfo = Gist;
		};
/* End PBXContainerItemProxy section */

/* Begin PBXFileReference section */
		54ABA07F2005E10600FCC1F8 /* Gist.app */ = {isa = PBXFileReference; explicitFileType = wrapper.application; includeInIndex = 0; path = Gist.app; sourceTree = BUILT_PRODUCTS_DIR; };
		54ABA0822005E10600FCC1F8 /* AppDelegate.swift */ = {isa = PBXFileReference; lastKnownFileType = sourcecode.swift; path = AppDelegate.swift; sourceTree = "<group>"; };
		54ABA0842005E10600FCC1F8 /* ViewController.swift */ = {isa = PBXFileReference; lastKnownFileType = sourcecode.swift; path = ViewController.swift; sourceTree = "<group>"; };
		54ABA0862005E10600FCC1F8 /* Assets.xcassets */ = {isa = PBXFileReference; lastKnownFileType = folder.assetcatalog; path = Assets.xcassets; sourceTree = "<group>"; };
		54ABA0892005E10600FCC1F8 /* Base */ = {isa = PBXFileReference; lastKnownFileType = file.storyboard; name = Base; path = Base.lproj/Main.storyboard; sourceTree = "<group>"; };
		54ABA08B2005E10600FCC1F8 /* Info.plist */ = {isa = PBXFileReference; lastKnownFileType = text.plist.xml; path = Info.plist; sourceTree = "<group>"; };
		54ABA08C2005E10600FCC1F8 /* Gist.entitlements */ = {isa = PBXFileReference; lastKnownFileType = text.plist.entitlements; path = Gist.entitlements; sourceTree = "<group>"; };
		54ABA0912005E10600FCC1F8 /* GistTests.xctest */ = {isa = PBXFileReference; explicitFileType = wrapper.cfbundle; includeInIndex = 0; path = GistTests.xctest; sourceTree = BUILT_PRODUCTS_DIR; };
		54ABA0952005E10600FCC1F8 /* GistTests.swift */ = {isa = PBXFileReference; lastKnownFileType = sourcecode.swift; path = GistTests.swift; sourceTree = "<group>"; };
		54ABA0972005E10600FCC1F8 /* Info.plist */ = {isa = PBXFileReference; lastKnownFileType = text.plist.xml; path = Info.plist; sourceTree = "<group>"; };
		54ABA09C2005E10600FCC1F8 /* GistUITests.xctest */ = {isa = PBXFileReference; explicitFileType = wrapper.cfbundle; includeInIndex = 0; path = GistUITests.xctest; sourceTree = BUILT_PRODUCTS_DIR; };
		54ABA0A02005E10600FCC1F8 /* GistUITests.swift */ = {isa = PBXFileReference; lastKnownFileType = sourcecode.swift; path = GistUITests.swift; sourceTree = "<group>"; };
		54ABA0A22005E10600FCC1F8 /* Info.plist */ = {isa = PBXFileReference; lastKnownFileType = text.plist.xml; path = Info.plist; sourceTree = "<group>"; };
/* End PBXFileReference section */

/* Begin PBXFrameworksBuildPhase section */
		54ABA07C2005E10600FCC1F8 /* Frameworks */ = {
			isa = PBXFrameworksBuildPhase;
			buildActionMask = 2147483647;
			files = (
			);
			runOnlyForDeploymentPostprocessing = 0;
		};
		54ABA08E2005E10600FCC1F8 /* Frameworks */ = {
			isa = PBXFrameworksBuildPhase;
			buildActionMask = 2147483647;
			files = (
			);
			runOnlyForDeploymentPostprocessing = 0;
		};
		54ABA0992005E10600FCC1F8 /* Frameworks */ = {
			isa = PBXFrameworksBuildPhase;
			buildActionMask = 2147483647;
			files = (
			);
			runOnlyForDeploymentPostprocessing = 0;
		};
/* End PBXFrameworksBuildPhase section */

/* Begin PBXGroup section */
		54ABA0762005E10600FCC1F8 = {
			isa = PBXGroup;
			children = (
				54ABA0812005E10600FCC1F8 /* Gist */,
				54ABA0942005E10600FCC1F8 /* GistTests */,
				54ABA09F2005E10600FCC1F8 /* GistUITests */,
				54ABA0802005E10600FCC1F8 /* Products */,
			);
			sourceTree = "<group>";
		};
		54ABA0802005E10600FCC1F8 /* Products */ = {
			isa = PBXGroup;
			children = (
				54ABA07F2005E10600FCC1F8 /* Gist.app */,
				54ABA0912005E10600FCC1F8 /* GistTests.xctest */,
				54ABA09C2005E10600FCC1F8 /* GistUITests.xctest */,
			);
			name = Products;
			sourceTree = "<group>";
		};
		54ABA0812005E10600FCC1F8 /* Gist */ = {
			isa = PBXGroup;
			children = (
				54ABA0822005E10600FCC1F8 /* AppDelegate.swift */,
				54ABA0842005E10600FCC1F8 /* ViewController.swift */,
				54ABA0862005E10600FCC1F8 /* Assets.xcassets */,
				54ABA0882005E10600FCC1F8 /* Main.storyboard */,
				54ABA08B2005E10600FCC1F8 /* Info.plist */,
				54ABA08C2005E10600FCC1F8 /* Gist.entitlements */,
			);
			path = Gist;
			sourceTree = "<group>";
		};
		54ABA0942005E10600FCC1F8 /* GistTests */ = {
			isa = PBXGroup;
			children = (
				54ABA0952005E10600FCC1F8 /* GistTests.swift */,
				54ABA0972005E10600FCC1F8 /* Info.plist */,
			);
			path = GistTests;
			sourceTree = "<group>";
		};
		54ABA09F2005E10600FCC1F8 /* GistUITests */ = {
			isa = PBXGroup;
			children = (
				54ABA0A02005E10600FCC1F8 /* GistUITests.swift */,
				54ABA0A22005E10600FCC1F8 /* Info.plist */,
			);
			path = GistUITests;
			sourceTree = "<group>";
		};
/* End PBXGroup section */

/* Begin PBXNativeTarget section */
		54ABA07E2005E10600FCC1F8 /* Gist */ = {
			isa = PBXNativeTarget;
			buildConfigurationList = 54ABA0A52005E10600FCC1F8 /* Build configuration list for PBXNativeTarget "Gist" */;
			buildPhases = (
				54ABA07B2005E10600FCC1F8 /* Sources */,
				54ABA07C2005E10600FCC1F8 /* Frameworks */,
				54ABA07D2005E10600FCC1F8 /* Resources */,
			);
			buildRules = (
			);
			dependencies = (
			);
			name = Gist;
			productName = Gist;
			productReference = 54ABA07F2005E10600FCC1F8 /* Gist.app */;
			productType = "com.apple.product-type.application";
		};
		54ABA0902005E10600FCC1F8 /* GistTests */ = {
			isa = PBXNativeTarget;
			buildConfigurationList = 54ABA0A82005E10600FCC1F8 /* Build configuration list for PBXNativeTarget "GistTests" */;
			buildPhases = (
				54ABA08D2005E10600FCC1F8 /* Sources */,
				54ABA08E2005E10600FCC1F8 /* Frameworks */,
				54ABA08F2005E10600FCC1F8 /* Resources */,
			);
			buildRules = (
			);
			dependencies = (
				54ABA0932005E10600FCC1F8 /* PBXTargetDependency */,
			);
			name = GistTests;
			productName = GistTests;
			productReference = 54ABA0912005E10600FCC1F8 /* GistTests.xctest */;
			productType = "com.apple.product-type.bundle.unit-test";
		};
		54ABA09B2005E10600FCC1F8 /* GistUITests */ = {
			isa = PBXNativeTarget;
			buildConfigurationList = 54ABA0AB2005E10600FCC1F8 /* Build configuration list for PBXNativeTarget "GistUITests" */;
			buildPhases = (
				54ABA0982005E10600FCC1F8 /* Sources */,
				54ABA0992005E10600FCC1F8 /* Frameworks */,
				54ABA09A2005E10600FCC1F8 /* Resources */,
			);
			buildRules = (
			);
			dependencies = (
				54ABA09E2005E10600FCC1F8 /* PBXTargetDependency */,
			);
			name = GistUITests;
			productName = GistUITests;
			productReference = 54ABA09C2005E10600FCC1F8 /* GistUITests.xctest */;
			productType = "com.apple.product-type.bundle.ui-testing";
		};
/* End PBXNativeTarget section */

/* Begin PBXProject section */
		54ABA0772005E10600FCC1F8 /* Project object */ = {
			isa = PBXProject;
			attributes = {
				LastSwiftUpdateCheck = 0920;
				LastUpgradeCheck = 0920;
				ORGANIZATIONNAME = "Tristen Miller";
				TargetAttributes = {
					54ABA07E2005E10600FCC1F8 = {
						CreatedOnToolsVersion = 9.2;
						ProvisioningStyle = Automatic;
					};
					54ABA0902005E10600FCC1F8 = {
						CreatedOnToolsVersion = 9.2;
						ProvisioningStyle = Automatic;
						TestTargetID = 54ABA07E2005E10600FCC1F8;
					};
					54ABA09B2005E10600FCC1F8 = {
						CreatedOnToolsVersion = 9.2;
						ProvisioningStyle = Automatic;
						TestTargetID = 54ABA07E2005E10600FCC1F8;
					};
				};
			};
			buildConfigurationList = 54ABA07A2005E10600FCC1F8 /* Build configuration list for PBXProject "Gist" */;
			compatibilityVersion = "Xcode 8.0";
			developmentRegion = en;
			hasScannedForEncodings = 0;
			knownRegions = (
				en,
				Base,
			);
			mainGroup = 54ABA0762005E10600FCC1F8;
			productRefGroup = 54ABA0802005E10600FCC1F8 /* Products */;
			projectDirPath = "";
			projectRoot = "";
			targets = (
				54ABA07E2005E10600FCC1F8 /* Gist */,
				54ABA0902005E10600FCC1F8 /* GistTests */,
				54ABA09B2005E10600FCC1F8 /* GistUITests */,
			);
		};
/* End PBXProject section */

/* Begin PBXResourcesBuildPhase section */
		54ABA07D2005E10600FCC1F8 /* Resources */ = {
			isa = PBXResourcesBuildPhase;
			buildActionMask = 2147483647;
			files = (
				54ABA0872005E10600FCC1F8 /* Assets.xcassets in Resources */,
				54ABA08A2005E10600FCC1F8 /* Main.storyboard in Resources */,
			);
			runOnlyForDeploymentPostprocessing = 0;
		};
		54ABA08F2005E10600FCC1F8 /* Resources */ = {
			isa = PBXResourcesBuildPhase;
			buildActionMask = 2147483647;
			files = (
			);
			runOnlyForDeploymentPostprocessing = 0;
		};
		54ABA09A2005E10600FCC1F8 /* Resources */ = {
			isa = PBXResourcesBuildPhase;
			buildActionMask = 2147483647;
			files = (
			);
			runOnlyForDeploymentPostprocessing = 0;
		};
/* End PBXResourcesBuildPhase section */

/* Begin PBXSourcesBuildPhase section */
		54ABA07B2005E10600FCC1F8 /* Sources */ = {
			isa = PBXSourcesBuildPhase;
			buildActionMask = 2147483647;
			files = (
				54ABA0852005E10600FCC1F8 /* ViewController.swift in Sources */,
				54ABA0832005E10600FCC1F8 /* AppDelegate.swift in Sources */,
			);
			runOnlyForDeploymentPostprocessing = 0;
		};
		54ABA08D2005E10600FCC1F8 /* Sources */ = {
			isa = PBXSourcesBuildPhase;
			buildActionMask = 2147483647;
			files = (
				54ABA0962005E10600FCC1F8 /* GistTests.swift in Sources */,
			);
			runOnlyForDeploymentPostprocessing = 0;
		};
		54ABA0982005E10600FCC1F8 /* Sources */ = {
			isa = PBXSourcesBuildPhase;
			buildActionMask = 2147483647;
			files = (
				54ABA0A12005E10600FCC1F8 /* GistUITests.swift in Sources */,
			);
			runOnlyForDeploymentPostprocessing = 0;
		};
/* End PBXSourcesBuildPhase section */

/* Begin PBXTargetDependency section */
		54ABA0932005E10600FCC1F8 /* PBXTargetDependency */ = {
			isa = PBXTargetDependency;
			target = 54ABA07E2005E10600FCC1F8 /* Gist */;
			targetProxy = 54ABA0922005E10600FCC1F8 /* PBXContainerItemProxy */;
		};
		54ABA09E2005E10600FCC1F8 /* PBXTargetDependency */ = {
			isa = PBXTargetDependency;
			target = 54ABA07E2005E10600FCC1F8 /* Gist */;
			targetProxy = 54ABA09D2005E10600FCC1F8 /* PBXContainerItemProxy */;
		};
/* End PBXTargetDependency section */

/* Begin PBXVariantGroup section */
		54ABA0882005E10600FCC1F8 /* Main.storyboard */ = {
			isa = PBXVariantGroup;
			children = (
				54ABA0892005E10600FCC1F8 /* Base */,
			);
			name = Main.storyboard;
			sourceTree = "<group>";
		};
/* End PBXVariantGroup section */

/* Begin XCBuildConfiguration section */
		54ABA0A32005E10600FCC1F8 /* Debug */ = {
			isa = XCBuildConfiguration;
			buildSettings = {
				ALWAYS_SEARCH_USER_PATHS = NO;
				CLANG_ANALYZER_NONNULL = YES;
				CLANG_ANALYZER_NUMBER_OBJECT_CONVERSION = YES_AGGRESSIVE;
				CLANG_CXX_LANGUAGE_STANDARD = "gnu++14";
				CLANG_CXX_LIBRARY = "libc++";
				CLANG_ENABLE_MODULES = YES;
				CLANG_ENABLE_OBJC_ARC = YES;
				CLANG_WARN_BLOCK_CAPTURE_AUTORELEASING = YES;
				CLANG_WARN_BOOL_CONVERSION = YES;
				CLANG_WARN_COMMA = YES;
				CLANG_WARN_CONSTANT_CONVERSION = YES;
				CLANG_WARN_DIRECT_OBJC_ISA_USAGE = YES_ERROR;
				CLANG_WARN_DOCUMENTATION_COMMENTS = YES;
				CLANG_WARN_EMPTY_BODY = YES;
				CLANG_WARN_ENUM_CONVERSION = YES;
				CLANG_WARN_INFINITE_RECURSION = YES;
				CLANG_WARN_INT_CONVERSION = YES;
				CLANG_WARN_NON_LITERAL_NULL_CONVERSION = YES;
				CLANG_WARN_OBJC_LITERAL_CONVERSION = YES;
				CLANG_WARN_OBJC_ROOT_CLASS = YES_ERROR;
				CLANG_WARN_RANGE_LOOP_ANALYSIS = YES;
				CLANG_WARN_STRICT_PROTOTYPES = YES;
				CLANG_WARN_SUSPICIOUS_MOVE = YES;
				CLANG_WARN_UNGUARDED_AVAILABILITY = YES_AGGRESSIVE;
				CLANG_WARN_UNREACHABLE_CODE = YES;
				CLANG_WARN__DUPLICATE_METHOD_MATCH = YES;
				CODE_SIGN_IDENTITY = "Mac Developer";
				COPY_PHASE_STRIP = NO;
				DEBUG_INFORMATION_FORMAT = dwarf;
				ENABLE_STRICT_OBJC_MSGSEND = YES;
				ENABLE_TESTABILITY = YES;
				GCC_C_LANGUAGE_STANDARD = gnu11;
				GCC_DYNAMIC_NO_PIC = NO;
				GCC_NO_COMMON_BLOCKS = YES;
				GCC_OPTIMIZATION_LEVEL = 0;
				GCC_PREPROCESSOR_DEFINITIONS = (
					"DEBUG=1",
					"$(inherited)",
				);
				GCC_WARN_64_TO_32_BIT_CONVERSION = YES;
				GCC_WARN_ABOUT_RETURN_TYPE = YES_ERROR;
				GCC_WARN_UNDECLARED_SELECTOR = YES;
				GCC_WARN_UNINITIALIZED_AUTOS = YES_AGGRESSIVE;
				GCC_WARN_UNUSED_FUNCTION = YES;
				GCC_WARN_UNUSED_VARIABLE = YES;
				MACOSX_DEPLOYMENT_TARGET = 10.13;
				MTL_ENABLE_DEBUG_INFO = YES;
				ONLY_ACTIVE_ARCH = YES;
				SDKROOT = macosx;
				SWIFT_ACTIVE_COMPILATION_CONDITIONS = DEBUG;
				SWIFT_OPTIMIZATION_LEVEL = "-Onone";
			};
			name = Debug;
		};
		54ABA0A42005E10600FCC1F8 /* Release */ = {
			isa = XCBuildConfiguration;
			buildSettings = {
				ALWAYS_SEARCH_USER_PATHS = NO;
				CLANG_ANALYZER_NONNULL = YES;
				CLANG_ANALYZER_NUMBER_OBJECT_CONVERSION = YES_AGGRESSIVE;
				CLANG_CXX_LANGUAGE_STANDARD = "gnu++14";
				CLANG_CXX_LIBRARY = "libc++";
				CLANG_ENABLE_MODULES = YES;
				CLANG_ENABLE_OBJC_ARC = YES;
				CLANG_WARN_BLOCK_CAPTURE_AUTORELEASING = YES;
				CLANG_WARN_BOOL_CONVERSION = YES;
				CLANG_WARN_COMMA = YES;
				CLANG_WARN_CONSTANT_CONVERSION = YES;
				CLANG_WARN_DIRECT_OBJC_ISA_USAGE = YES_ERROR;
				CLANG_WARN_DOCUMENTATION_COMMENTS = YES;
				CLANG_WARN_EMPTY_BODY = YES;
				CLANG_WARN_ENUM_CONVERSION = YES;
				CLANG_WARN_INFINITE_RECURSION = YES;
				CLANG_WARN_INT_CONVERSION = YES;
				CLANG_WARN_NON_LITERAL_NULL_CONVERSION = YES;
				CLANG_WARN_OBJC_LITERAL_CONVERSION = YES;
				CLANG_WARN_OBJC_ROOT_CLASS = YES_ERROR;
				CLANG_WARN_RANGE_LOOP_ANALYSIS = YES;
				CLANG_WARN_STRICT_PROTOTYPES = YES;
				CLANG_WARN_SUSPICIOUS_MOVE = YES;
				CLANG_WARN_UNGUARDED_AVAILABILITY = YES_AGGRESSIVE;
				CLANG_WARN_UNREACHABLE_CODE = YES;
				CLANG_WARN__DUPLICATE_METHOD_MATCH = YES;
				CODE_SIGN_IDENTITY = "Mac Developer";
				COPY_PHASE_STRIP = NO;
				DEBUG_INFORMATION_FORMAT = "dwarf-with-dsym";
				ENABLE_NS_ASSERTIONS = NO;
				ENABLE_STRICT_OBJC_MSGSEND = YES;
				GCC_C_LANGUAGE_STANDARD = gnu11;
				GCC_NO_COMMON_BLOCKS = YES;
				GCC_WARN_64_TO_32_BIT_CONVERSION = YES;
				GCC_WARN_ABOUT_RETURN_TYPE = YES_ERROR;
				GCC_WARN_UNDECLARED_SELECTOR = YES;
				GCC_WARN_UNINITIALIZED_AUTOS = YES_AGGRESSIVE;
				GCC_WARN_UNUSED_FUNCTION = YES;
				GCC_WARN_UNUSED_VARIABLE = YES;
				MACOSX_DEPLOYMENT_TARGET = 10.13;
				MTL_ENABLE_DEBUG_INFO = NO;
				SDKROOT = macosx;
				SWIFT_OPTIMIZATION_LEVEL = "-Owholemodule";
			};
			name = Release;
		};
		54ABA0A62005E10600FCC1F8 /* Debug */ = {
			isa = XCBuildConfiguration;
			buildSettings = {
				ASSETCATALOG_COMPILER_APPICON_NAME = AppIcon;
				CODE_SIGN_ENTITLEMENTS = Gist/Gist.entitlements;
				CODE_SIGN_STYLE = Automatic;
				COMBINE_HIDPI_IMAGES = YES;
				DEVELOPMENT_TEAM = 6VJ9C2YY26;
				INFOPLIST_FILE = Gist/Info.plist;
				LD_RUNPATH_SEARCH_PATHS = "$(inherited) @executable_path/../Frameworks";
				PRODUCT_BUNDLE_IDENTIFIER = com.hawkfalcon.Gist;
				PRODUCT_NAME = "$(TARGET_NAME)";
				SWIFT_VERSION = 4.0;
			};
			name = Debug;
		};
		54ABA0A72005E10600FCC1F8 /* Release */ = {
			isa = XCBuildConfiguration;
			buildSettings = {
				ASSETCATALOG_COMPILER_APPICON_NAME = AppIcon;
				CODE_SIGN_ENTITLEMENTS = Gist/Gist.entitlements;
				CODE_SIGN_STYLE = Automatic;
				COMBINE_HIDPI_IMAGES = YES;
				DEVELOPMENT_TEAM = 6VJ9C2YY26;
				INFOPLIST_FILE = Gist/Info.plist;
				LD_RUNPATH_SEARCH_PATHS = "$(inherited) @executable_path/../Frameworks";
				PRODUCT_BUNDLE_IDENTIFIER = com.hawkfalcon.Gist;
				PRODUCT_NAME = "$(TARGET_NAME)";
				SWIFT_VERSION = 4.0;
			};
			name = Release;
		};
		54ABA0A92005E10600FCC1F8 /* Debug */ = {
			isa = XCBuildConfiguration;
			buildSettings = {
				ALWAYS_EMBED_SWIFT_STANDARD_LIBRARIES = YES;
				BUNDLE_LOADER = "$(TEST_HOST)";
				CODE_SIGN_STYLE = Automatic;
				COMBINE_HIDPI_IMAGES = YES;
				DEVELOPMENT_TEAM = 6VJ9C2YY26;
				INFOPLIST_FILE = GistTests/Info.plist;
				LD_RUNPATH_SEARCH_PATHS = "$(inherited) @executable_path/../Frameworks @loader_path/../Frameworks";
				PRODUCT_BUNDLE_IDENTIFIER = com.hawkfalcon.GistTests;
				PRODUCT_NAME = "$(TARGET_NAME)";
				SWIFT_VERSION = 4.0;
				TEST_HOST = "$(BUILT_PRODUCTS_DIR)/Gist.app/Contents/MacOS/Gist";
			};
			name = Debug;
		};
		54ABA0AA2005E10600FCC1F8 /* Release */ = {
			isa = XCBuildConfiguration;
			buildSettings = {
				ALWAYS_EMBED_SWIFT_STANDARD_LIBRARIES = YES;
				BUNDLE_LOADER = "$(TEST_HOST)";
				CODE_SIGN_STYLE = Automatic;
				COMBINE_HIDPI_IMAGES = YES;
				DEVELOPMENT_TEAM = 6VJ9C2YY26;
				INFOPLIST_FILE = GistTests/Info.plist;
				LD_RUNPATH_SEARCH_PATHS = "$(inherited) @executable_path/../Frameworks @loader_path/../Frameworks";
				PRODUCT_BUNDLE_IDENTIFIER = com.hawkfalcon.GistTests;
				PRODUCT_NAME = "$(TARGET_NAME)";
				SWIFT_VERSION = 4.0;
				TEST_HOST = "$(BUILT_PRODUCTS_DIR)/Gist.app/Contents/MacOS/Gist";
			};
			name = Release;
		};
		54ABA0AC2005E10600FCC1F8 /* Debug */ = {
			isa = XCBuildConfiguration;
			buildSettings = {
				ALWAYS_EMBED_SWIFT_STANDARD_LIBRARIES = YES;
				CODE_SIGN_STYLE = Automatic;
				COMBINE_HIDPI_IMAGES = YES;
				DEVELOPMENT_TEAM = 6VJ9C2YY26;
				INFOPLIST_FILE = GistUITests/Info.plist;
				LD_RUNPATH_SEARCH_PATHS = "$(inherited) @executable_path/../Frameworks @loader_path/../Frameworks";
				PRODUCT_BUNDLE_IDENTIFIER = com.hawkfalcon.GistUITests;
				PRODUCT_NAME = "$(TARGET_NAME)";
				SWIFT_VERSION = 4.0;
				TEST_TARGET_NAME = Gist;
			};
			name = Debug;
		};
		54ABA0AD2005E10600FCC1F8 /* Release */ = {
			isa = XCBuildConfiguration;
			buildSettings = {
				ALWAYS_EMBED_SWIFT_STANDARD_LIBRARIES = YES;
				CODE_SIGN_STYLE = Automatic;
				COMBINE_HIDPI_IMAGES = YES;
				DEVELOPMENT_TEAM = 6VJ9C2YY26;
				INFOPLIST_FILE = GistUITests/Info.plist;
				LD_RUNPATH_SEARCH_PATHS = "$(inherited) @executable_path/../Frameworks @loader_path/../Frameworks";
				PRODUCT_BUNDLE_IDENTIFIER = com.hawkfalcon.GistUITests;
				PRODUCT_NAME = "$(TARGET_NAME)";
				SWIFT_VERSION = 4.0;
				TEST_TARGET_NAME = Gist;
			};
			name = Release;
		};
/* End XCBuildConfiguration section */

/* Begin XCConfigurationList section */
		54ABA07A2005E10600FCC1F8 /* Build configuration list for PBXProject "Gist" */ = {
			isa = XCConfigurationList;
			buildConfigurations = (
				54ABA0A32005E10600FCC1F8 /* Debug */,
				54ABA0A42005E10600FCC1F8 /* Release */,
			);
			defaultConfigurationIsVisible = 0;
			defaultConfigurationName = Release;
		};
		54ABA0A52005E10600FCC1F8 /* Build configuration list for PBXNativeTarget "Gist" */ = {
			isa = XCConfigurationList;
			buildConfigurations = (
				54ABA0A62005E10600FCC1F8 /* Debug */,
				54ABA0A72005E10600FCC1F8 /* Release */,
			);
			defaultConfigurationIsVisible = 0;
			defaultConfigurationName = Release;
		};
		54ABA0A82005E10600FCC1F8 /* Build configuration list for PBXNativeTarget "GistTests" */ = {
			isa = XCConfigurationList;
			buildConfigurations = (
				54ABA0A92005E10600FCC1F8 /* Debug */,
				54ABA0AA2005E10600FCC1F8 /* Release */,
			);
			defaultConfigurationIsVisible = 0;
			defaultConfigurationName = Release;
		};
		54ABA0AB2005E10600FCC1F8 /* Build configuration list for PBXNativeTarget "GistUITests" */ = {
			isa = XCConfigurationList;
			buildConfigurations = (
				54ABA0AC2005E10600FCC1F8 /* Debug */,
				54ABA0AD2005E10600FCC1F8 /* Release */,
			);
			defaultConfigurationIsVisible = 0;
			defaultConfigurationName = Release;
		};
/* End XCConfigurationList section */
	};
	rootObject = 54ABA0772005E10600FCC1F8 /* Project object */;
}
